PODS:
  - Socket.IO-Client-Swift (16.1.1):
    - Starscream (~> 4.0.8)
  - Starscream (4.0.8)
  - SwiftRaydioSDK (2.01.4):
    - Socket.IO-Client-Swift (~> 16.0)

DEPENDENCIES:
  - SwiftRaydioSDK

SPEC REPOS:
  https://github.com/mycrocast/mycrocastRaydioSDKPodsSpec:
    - SwiftRaydioSDK
  trunk:
    - Socket.IO-Client-Swift
    - Starscream

SPEC CHECKSUMS:
  Socket.IO-Client-Swift: 3614bea82ba005df1c2ff01154f4004993e05ad7
  Starscream: 19b5533ddb925208db698f0ac508a100b884a1b9
  SwiftRaydioSDK: ccba8f601829414754d8f8a42206331c33f37aef

PODFILE CHECKSUM: 4bf92b11d8d2cdaac87abe97c6bdb8c5104d4802

COCOAPODS: 1.16.2
