{
  "originHash" : "165719fa185fb120b6d55e526705cf4298e4e08412ee344ebbe9af2f0e8d5414",
  "pins" : [
    {
      "identity" : "mycrocastswiftmediasoup",
      "kind" : "remoteSourceControl",
      "location" : "https://github.com/mycrocast/mycrocastSwiftMediasoup",
      "state" : {
        "revision" : "db7d48faeccd64d9010a713c6f169887bd01272d",
        "version" : "1.0.3"
      }
    },
    {
      "identity" : "mycrocastswiftraydiosdk",
      "kind" : "remoteSourceControl",
      "location" : "https://github.com/mycrocast/mycrocastSwiftRaydioSDK",
      "state" : {
        "revision" : "912d6d733c8571581a1cf07c0ae1c3094160274d",
        "version" : "2.1.2"
      }
    },
    {
      "identity" : "mycrocastswiftwebrtc",
      "kind" : "remoteSourceControl",
      "location" : "https://github.com/mycrocast/mycrocastSwiftWebRTC.git",
      "state" : {
        "revision" : "064499468ab672f7f1aad11fc018dd2ae88a43ed",
        "version" : "1.0.1"
      }
    },
    {
      "identity" : "socket.io-client-swift",
      "kind" : "remoteSourceControl",
      "location" : "https://github.com/socketio/socket.io-client-swift",
      "state" : {
        "revision" : "42da871d9369f290d6ec4930636c40672143905b",
        "version" : "16.1.1"
      }
    },
    {
      "identity" : "starscream",
      "kind" : "remoteSourceControl",
      "location" : "https://github.com/daltoniam/Starscream",
      "state" : {
        "revision" : "c6bfd1af48efcc9a9ad203665db12375ba6b145a",
        "version" : "4.0.8"
      }
    }
  ],
  "version" : 3
}
